
Microsoft Visual Studio Solution File, Format Version 12.00
# Visual Studio Version 17
VisualStudioVersion = 17.5.002.0
MinimumVisualStudioVersion = 10.0.40219.1
Project("{9A19103F-16F7-4668-BE54-9A1E7A4F7556}") = "Project", "Project.csproj", "{F70D9FD5-8932-4805-BC59-5E2564EE4A5C}"
EndProject
Project("{FAE04EC0-301F-11D3-BF4B-00C04F79EFBC}") = "ProjectTesting", "..\ProjectTesting\ProjectTesting.csproj", "{952B93D6-003E-4BDF-8A66-555595699F8D}"
EndProject
Global
	GlobalSection(SolutionConfigurationPlatforms) = preSolution
		Debug|Any CPU = Debug|Any CPU
		Release|Any CPU = Release|Any CPU
	EndGlobalSection
	GlobalSection(ProjectConfigurationPlatforms) = postSolution
		{F70D9FD5-8932-4805-BC59-5E2564EE4A5C}.Debug|Any CPU.ActiveCfg = Debug|Any CPU
		{F70D9FD5-8932-4805-BC59-5E2564EE4A5C}.Debug|Any CPU.Build.0 = Debug|Any CPU
		{F70D9FD5-8932-4805-BC59-5E2564EE4A5C}.Release|Any CPU.ActiveCfg = Release|Any CPU
		{F70D9FD5-8932-4805-BC59-5E2564EE4A5C}.Release|Any CPU.Build.0 = Release|Any CPU
		{952B93D6-003E-4BDF-8A66-555595699F8D}.Debug|Any CPU.ActiveCfg = Debug|Any CPU
		{952B93D6-003E-4BDF-8A66-555595699F8D}.Debug|Any CPU.Build.0 = Debug|Any CPU
		{952B93D6-003E-4BDF-8A66-555595699F8D}.Release|Any CPU.ActiveCfg = Release|Any CPU
		{952B93D6-003E-4BDF-8A66-555595699F8D}.Release|Any CPU.Build.0 = Release|Any CPU
	EndGlobalSection
	GlobalSection(SolutionProperties) = preSolution
		HideSolutionNode = FALSE
	EndGlobalSection
	GlobalSection(ExtensibilityGlobals) = postSolution
		SolutionGuid = {0AC4762A-4404-4EC2-BBBF-E4F99A9DF4F5}
	EndGlobalSection
EndGlobal
